
Microsoft Visual Studio Solution File, Format Version 11.00
# Visual Studio 2010
Project("{159641D6-6404-4A2A-AE62-294DE0FE8301}") = "BD_EVENTOS_GENESIS_ETL", "BD_EVENTOS_GENESIS_ETL\BD_EVENTOS_GENESIS_ETL.dtproj", "{05DBACC3-1D33-4F8F-A497-C82EE9F81CD8}"
EndProject
Global
	GlobalSection(SolutionConfigurationPlatforms) = preSolution
		Development|Default = Development|Default
	EndGlobalSection
	GlobalSection(ProjectConfigurationPlatforms) = postSolution
		{05DBACC3-1D33-4F8F-A497-C82EE9F81CD8}.Development|Default.ActiveCfg = Development
		{05DBACC3-1D33-4F8F-A497-C82EE9F81CD8}.Development|Default.Build.0 = Development
	EndGlobalSection
	GlobalSection(SolutionProperties) = preSolution
		HideSolutionNode = FALSE
	EndGlobalSection
EndGlobal
